
Microsoft Visual Studio Solution File, Format Version 12.00
# Visual Studio Version 16
VisualStudioVersion = 16.0.30413.136
MinimumVisualStudioVersion = 10.0.40219.1
Project("{FAE04EC0-301F-11D3-BF4B-00C04F79EFBC}") = "WPF_Calc", "WPF_Calc\WPF_Calc.csproj", "{BDF615FC-56FF-4786-8CFC-2B6F50A5D9F8}"
EndProject
Global
	GlobalSection(SolutionConfigurationPlatforms) = preSolution
		Debug|Any CPU = Debug|Any CPU
		Release|Any CPU = Release|Any CPU
	EndGlobalSection
	GlobalSection(ProjectConfigurationPlatforms) = postSolution
		{BDF615FC-56FF-4786-8CFC-2B6F50A5D9F8}.Debug|Any CPU.ActiveCfg = Debug|Any CPU
		{BDF615FC-56FF-4786-8CFC-2B6F50A5D9F8}.Debug|Any CPU.Build.0 = Debug|Any CPU
		{BDF615FC-56FF-4786-8CFC-2B6F50A5D9F8}.Release|Any CPU.ActiveCfg = Release|Any CPU
		{BDF615FC-56FF-4786-8CFC-2B6F50A5D9F8}.Release|Any CPU.Build.0 = Release|Any CPU
	EndGlobalSection
	GlobalSection(SolutionProperties) = preSolution
		HideSolutionNode = FALSE
	EndGlobalSection
	GlobalSection(ExtensibilityGlobals) = postSolution
		SolutionGuid = {2A661A7A-506E-4609-A365-12F69B07D853}
	EndGlobalSection
EndGlobal
